
Microsoft Visual Studio Solution File, Format Version 12.00
# Visual Studio 15
VisualStudioVersion = 15.0.27004.2006
MinimumVisualStudioVersion = 10.0.40219.1
Project("{9A19103F-16F7-4668-BE54-9A1E7A4F7556}") = "ReverseNumber", "ReverseNumber\ReverseNumber.csproj", "{3C1C2F98-2B1D-45A4-95CD-0E17B7C2C032}"
EndProject
Project("{9A19103F-16F7-4668-BE54-9A1E7A4F7556}") = "StackOperations", "StackOperations\StackOperations.csproj", "{3E899EB9-722A-4D8A-AF37-50C078CBB2AE}"
EndProject
Project("{9A19103F-16F7-4668-BE54-9A1E7A4F7556}") = "MaxElement", "MaxElement\MaxElement.csproj", "{E66CCFE9-1CA8-4201-99EF-221FE2A45B26}"
EndProject
Project("{9A19103F-16F7-4668-BE54-9A1E7A4F7556}") = "QueueOperations", "QueueOperations\QueueOperations.csproj", "{CF674E81-26CD-4AA7-A7C1-5511DFB0B1FF}"
EndProject
Project("{9A19103F-16F7-4668-BE54-9A1E7A4F7556}") = "CalculateSequences", "CalculateSequences\CalculateSequences.csproj", "{C9ABE85B-DC9E-42E8-A2BC-7F244FF68B99}"
EndProject
Project("{FAE04EC0-301F-11D3-BF4B-00C04F79EFBC}") = "BalancedParanthesis", "BalancedParanthesis\BalancedParanthesis.csproj", "{20CBE9B9-9CEB-4B77-B795-11EAB6D6A6CD}"
EndProject
Project("{FAE04EC0-301F-11D3-BF4B-00C04F79EFBC}") = "StackFibonachi", "StackFibonachi\StackFibonachi.csproj", "{43EC6365-5D84-4DAA-BFCE-D9BE9BCFE6D5}"
EndProject
Project("{FAE04EC0-301F-11D3-BF4B-00C04F79EFBC}") = "TextEditor", "TextEditor\TextEditor.csproj", "{7BEA7E55-5E39-423D-A73B-B38E8B5D1A90}"
EndProject
Project("{FAE04EC0-301F-11D3-BF4B-00C04F79EFBC}") = "PoisonousPlants", "PoisonousPlants\PoisonousPlants.csproj", "{7B18DFEC-E302-4D3D-AF6A-750A7B5200C4}"
EndProject
Project("{FAE04EC0-301F-11D3-BF4B-00C04F79EFBC}") = "TruckTour", "TruckTour\TruckTour.csproj", "{7919AF06-81CB-4627-9C61-2B818FB3B067}"
EndProject
Global
	GlobalSection(SolutionConfigurationPlatforms) = preSolution
		Debug|Any CPU = Debug|Any CPU
		Release|Any CPU = Release|Any CPU
	EndGlobalSection
	GlobalSection(ProjectConfigurationPlatforms) = postSolution
		{3C1C2F98-2B1D-45A4-95CD-0E17B7C2C032}.Debug|Any CPU.ActiveCfg = Debug|Any CPU
		{3C1C2F98-2B1D-45A4-95CD-0E17B7C2C032}.Debug|Any CPU.Build.0 = Debug|Any CPU
		{3C1C2F98-2B1D-45A4-95CD-0E17B7C2C032}.Release|Any CPU.ActiveCfg = Release|Any CPU
		{3C1C2F98-2B1D-45A4-95CD-0E17B7C2C032}.Release|Any CPU.Build.0 = Release|Any CPU
		{3E899EB9-722A-4D8A-AF37-50C078CBB2AE}.Debug|Any CPU.ActiveCfg = Debug|Any CPU
		{3E899EB9-722A-4D8A-AF37-50C078CBB2AE}.Debug|Any CPU.Build.0 = Debug|Any CPU
		{3E899EB9-722A-4D8A-AF37-50C078CBB2AE}.Release|Any CPU.ActiveCfg = Release|Any CPU
		{3E899EB9-722A-4D8A-AF37-50C078CBB2AE}.Release|Any CPU.Build.0 = Release|Any CPU
		{E66CCFE9-1CA8-4201-99EF-221FE2A45B26}.Debug|Any CPU.ActiveCfg = Debug|Any CPU
		{E66CCFE9-1CA8-4201-99EF-221FE2A45B26}.Debug|Any CPU.Build.0 = Debug|Any CPU
		{E66CCFE9-1CA8-4201-99EF-221FE2A45B26}.Release|Any CPU.ActiveCfg = Release|Any CPU
		{E66CCFE9-1CA8-4201-99EF-221FE2A45B26}.Release|Any CPU.Build.0 = Release|Any CPU
		{CF674E81-26CD-4AA7-A7C1-5511DFB0B1FF}.Debug|Any CPU.ActiveCfg = Debug|Any CPU
		{CF674E81-26CD-4AA7-A7C1-5511DFB0B1FF}.Debug|Any CPU.Build.0 = Debug|Any CPU
		{CF674E81-26CD-4AA7-A7C1-5511DFB0B1FF}.Release|Any CPU.ActiveCfg = Release|Any CPU
		{CF674E81-26CD-4AA7-A7C1-5511DFB0B1FF}.Release|Any CPU.Build.0 = Release|Any CPU
		{C9ABE85B-DC9E-42E8-A2BC-7F244FF68B99}.Debug|Any CPU.ActiveCfg = Debug|Any CPU
		{C9ABE85B-DC9E-42E8-A2BC-7F244FF68B99}.Debug|Any CPU.Build.0 = Debug|Any CPU
		{C9ABE85B-DC9E-42E8-A2BC-7F244FF68B99}.Release|Any CPU.ActiveCfg = Release|Any CPU
		{C9ABE85B-DC9E-42E8-A2BC-7F244FF68B99}.Release|Any CPU.Build.0 = Release|Any CPU
		{20CBE9B9-9CEB-4B77-B795-11EAB6D6A6CD}.Debug|Any CPU.ActiveCfg = Debug|Any CPU
		{20CBE9B9-9CEB-4B77-B795-11EAB6D6A6CD}.Debug|Any CPU.Build.0 = Debug|Any CPU
		{20CBE9B9-9CEB-4B77-B795-11EAB6D6A6CD}.Release|Any CPU.ActiveCfg = Release|Any CPU
		{20CBE9B9-9CEB-4B77-B795-11EAB6D6A6CD}.Release|Any CPU.Build.0 = Release|Any CPU
		{43EC6365-5D84-4DAA-BFCE-D9BE9BCFE6D5}.Debug|Any CPU.ActiveCfg = Debug|Any CPU
		{43EC6365-5D84-4DAA-BFCE-D9BE9BCFE6D5}.Debug|Any CPU.Build.0 = Debug|Any CPU
		{43EC6365-5D84-4DAA-BFCE-D9BE9BCFE6D5}.Release|Any CPU.ActiveCfg = Release|Any CPU
		{43EC6365-5D84-4DAA-BFCE-D9BE9BCFE6D5}.Release|Any CPU.Build.0 = Release|Any CPU
		{7BEA7E55-5E39-423D-A73B-B38E8B5D1A90}.Debug|Any CPU.ActiveCfg = Debug|Any CPU
		{7BEA7E55-5E39-423D-A73B-B38E8B5D1A90}.Debug|Any CPU.Build.0 = Debug|Any CPU
		{7BEA7E55-5E39-423D-A73B-B38E8B5D1A90}.Release|Any CPU.ActiveCfg = Release|Any CPU
		{7BEA7E55-5E39-423D-A73B-B38E8B5D1A90}.Release|Any CPU.Build.0 = Release|Any CPU
		{7B18DFEC-E302-4D3D-AF6A-750A7B5200C4}.Debug|Any CPU.ActiveCfg = Debug|Any CPU
		{7B18DFEC-E302-4D3D-AF6A-750A7B5200C4}.Debug|Any CPU.Build.0 = Debug|Any CPU
		{7B18DFEC-E302-4D3D-AF6A-750A7B5200C4}.Release|Any CPU.ActiveCfg = Release|Any CPU
		{7B18DFEC-E302-4D3D-AF6A-750A7B5200C4}.Release|Any CPU.Build.0 = Release|Any CPU
		{7919AF06-81CB-4627-9C61-2B818FB3B067}.Debug|Any CPU.ActiveCfg = Debug|Any CPU
		{7919AF06-81CB-4627-9C61-2B818FB3B067}.Debug|Any CPU.Build.0 = Debug|Any CPU
		{7919AF06-81CB-4627-9C61-2B818FB3B067}.Release|Any CPU.ActiveCfg = Release|Any CPU
		{7919AF06-81CB-4627-9C61-2B818FB3B067}.Release|Any CPU.Build.0 = Release|Any CPU
	EndGlobalSection
	GlobalSection(SolutionProperties) = preSolution
		HideSolutionNode = FALSE
	EndGlobalSection
	GlobalSection(ExtensibilityGlobals) = postSolution
		SolutionGuid = {8E1FCBA6-61B2-4187-BBC8-2ECABCFBD3AF}
	EndGlobalSection
EndGlobal
